
Microsoft Visual Studio Solution File, Format Version 12.00
# Visual Studio Version 16
VisualStudioVersion = 16.0.30711.63
MinimumVisualStudioVersion = 10.0.40219.1
Project("{FAE04EC0-301F-11D3-BF4B-00C04F79EFBC}") = "ktr_msc_ss1", "ktr_msc_ss1.csproj", "{56746BC2-30DE-458D-8BD9-97DE4A310FB1}"
EndProject
Global
	GlobalSection(SolutionConfigurationPlatforms) = preSolution
		Debug|Any CPU = Debug|Any CPU
		Release|Any CPU = Release|Any CPU
	EndGlobalSection
	GlobalSection(ProjectConfigurationPlatforms) = postSolution
		{56746BC2-30DE-458D-8BD9-97DE4A310FB1}.Debug|Any CPU.ActiveCfg = Debug|Any CPU
		{56746BC2-30DE-458D-8BD9-97DE4A310FB1}.Debug|Any CPU.Build.0 = Debug|Any CPU
		{56746BC2-30DE-458D-8BD9-97DE4A310FB1}.Release|Any CPU.ActiveCfg = Release|Any CPU
		{56746BC2-30DE-458D-8BD9-97DE4A310FB1}.Release|Any CPU.Build.0 = Release|Any CPU
	EndGlobalSection
	GlobalSection(SolutionProperties) = preSolution
		HideSolutionNode = FALSE
	EndGlobalSection
	GlobalSection(ExtensibilityGlobals) = postSolution
		SolutionGuid = {96FFA893-93A5-47B4-A5EE-45AA095BBC60}
	EndGlobalSection
EndGlobal
